
Microsoft Visual Studio Solution File, Format Version 12.00
# Visual Studio Version 17
VisualStudioVersion = 17.8.34525.116
MinimumVisualStudioVersion = 10.0.40219.1
Project("{FAE04EC0-301F-11D3-BF4B-00C04F79EFBC}") = "VillaAPI", "VillaAPI\VillaAPI.csproj", "{DF2C6EC4-DC44-4012-94F0-A767091B17CE}"
EndProject
Global
	GlobalSection(SolutionConfigurationPlatforms) = preSolution
		Debug|Any CPU = Debug|Any CPU
		Release|Any CPU = Release|Any CPU
	EndGlobalSection
	GlobalSection(ProjectConfigurationPlatforms) = postSolution
		{DF2C6EC4-DC44-4012-94F0-A767091B17CE}.Debug|Any CPU.ActiveCfg = Debug|Any CPU
		{DF2C6EC4-DC44-4012-94F0-A767091B17CE}.Debug|Any CPU.Build.0 = Debug|Any CPU
		{DF2C6EC4-DC44-4012-94F0-A767091B17CE}.Release|Any CPU.ActiveCfg = Release|Any CPU
		{DF2C6EC4-DC44-4012-94F0-A767091B17CE}.Release|Any CPU.Build.0 = Release|Any CPU
	EndGlobalSection
	GlobalSection(SolutionProperties) = preSolution
		HideSolutionNode = FALSE
	EndGlobalSection
	GlobalSection(ExtensibilityGlobals) = postSolution
		SolutionGuid = {8183885D-9CF6-4534-A219-D93E50A2D0B3}
	EndGlobalSection
EndGlobal
